lockfileVersion: '9.0'

settings:
  autoInstallPeers: true
  excludeLinksFromLockfile: false

importers:

  .:
    dependencies:
      '@carry0987/paginator':
        specifier: link:../..
        version: link:../..
      preact:
        specifier: ^10.25.0
        version: 10.26.9

packages:

  preact@10.26.9:
    resolution: {integrity: sha512-SSjF9vcnF27mJK1XyFMNJzFd5u3pQiATFqoaDy03XuN00u4ziveVVEGt5RKJrDR8MHE/wJo9Nnad56RLzS2RMA==}

snapshots:

  preact@10.26.9: {}
