lockfileVersion: '9.0'

settings:
  autoInstallPeers: true
  excludeLinksFromLockfile: false

importers:

  .:
    dependencies:
      '@carry0987/paginator':
        specifier: link:../..
        version: link:../..
      preact:
        specifier: ^10.25.0
        version: 10.26.8

packages:

  preact@10.26.8:
    resolution: {integrity: sha512-1nMfdFjucm5hKvq0IClqZwK4FJkGXhRrQstOQ3P4vp8HxKrJEMFcY6RdBRVTdfQS/UlnX6gfbPuTvaqx/bDoeQ==}

snapshots:

  preact@10.26.8: {}
