lockfileVersion: '9.0'

settings:
  autoInstallPeers: true
  excludeLinksFromLockfile: false

importers:

  .:
    dependencies:
      '@carry0987/paginator':
        specifier: link:../..
        version: link:../..
      preact:
        specifier: ^10.25.0
        version: 10.26.4

packages:

  preact@10.26.4:
    resolution: {integrity: sha512-KJhO7LBFTjP71d83trW+Ilnjbo+ySsaAgCfXOXUlmGzJ4ygYPWmysm77yg4emwfmoz3b22yvH5IsVFHbhUaH5w==}

snapshots:

  preact@10.26.4: {}
