lockfileVersion: '9.0'

settings:
  autoInstallPeers: true
  excludeLinksFromLockfile: false

importers:

  .:
    dependencies:
      '@carry0987/paginator':
        specifier: link:../..
        version: link:../..
      preact:
        specifier: ^10.25.0
        version: 10.25.4

packages:

  preact@10.25.4:
    resolution: {integrity: sha512-jLdZDb+Q+odkHJ+MpW/9U5cODzqnB+fy2EiHSZES7ldV5LK7yjlVzTp7R8Xy6W6y75kfK8iWYtFVH7lvjwrCMA==}

snapshots:

  preact@10.25.4: {}
