lockfileVersion: '9.0'

settings:
  autoInstallPeers: true
  excludeLinksFromLockfile: false

importers:

  .:
    dependencies:
      '@carry0987/paginator':
        specifier: link:../..
        version: link:../..
      preact:
        specifier: ^10.25.0
        version: 10.27.0

packages:

  preact@10.27.0:
    resolution: {integrity: sha512-/DTYoB6mwwgPytiqQTh/7SFRL98ZdiD8Sk8zIUVOxtwq4oWcwrcd1uno9fE/zZmUaUrFNYzbH14CPebOz9tZQw==}

snapshots:

  preact@10.27.0: {}
